
Microsoft Visual Studio Solution File, Format Version 12.00
# Visual Studio Version 16
VisualStudioVersion = 16.0.31702.278
MinimumVisualStudioVersion = 10.0.40219.1
Project("{9A19103F-16F7-4668-BE54-9A1E7A4F7556}") = "Poker", "Poker\Poker.csproj", "{A396877A-D236-4DCD-B78A-3F34B1F392E4}"
EndProject
Project("{FAE04EC0-301F-11D3-BF4B-00C04F79EFBC}") = "PokerHandsTest", "PokerHandsTest\PokerHandsTest.csproj", "{7A64205B-8764-4A3D-946C-86C2B36517C7}"
EndProject
Global
	GlobalSection(SolutionConfigurationPlatforms) = preSolution
		Debug|Any CPU = Debug|Any CPU
		Release|Any CPU = Release|Any CPU
	EndGlobalSection
	GlobalSection(ProjectConfigurationPlatforms) = postSolution
		{A396877A-D236-4DCD-B78A-3F34B1F392E4}.Debug|Any CPU.ActiveCfg = Debug|Any CPU
		{A396877A-D236-4DCD-B78A-3F34B1F392E4}.Debug|Any CPU.Build.0 = Debug|Any CPU
		{A396877A-D236-4DCD-B78A-3F34B1F392E4}.Release|Any CPU.ActiveCfg = Release|Any CPU
		{A396877A-D236-4DCD-B78A-3F34B1F392E4}.Release|Any CPU.Build.0 = Release|Any CPU
		{7A64205B-8764-4A3D-946C-86C2B36517C7}.Debug|Any CPU.ActiveCfg = Debug|Any CPU
		{7A64205B-8764-4A3D-946C-86C2B36517C7}.Debug|Any CPU.Build.0 = Debug|Any CPU
		{7A64205B-8764-4A3D-946C-86C2B36517C7}.Release|Any CPU.ActiveCfg = Release|Any CPU
		{7A64205B-8764-4A3D-946C-86C2B36517C7}.Release|Any CPU.Build.0 = Release|Any CPU
	EndGlobalSection
	GlobalSection(SolutionProperties) = preSolution
		HideSolutionNode = FALSE
	EndGlobalSection
	GlobalSection(ExtensibilityGlobals) = postSolution
		SolutionGuid = {FB829C9F-EF7E-4842-AC5F-C6C48E979DB5}
	EndGlobalSection
EndGlobal
